// !$*UTF8*$!
{
	archiveVersion = 1;
	classes = {
	};
	objectVersion = 48;
	objects = {

/* Begin PBXBuildFile section */
		84010AAB206B774D0037589D /* TemplateViewController.m in Sources */ = {isa = PBXBuildFile; fileRef = 84010AAA206B774D0037589D /* TemplateViewController.m */; };
		84010AB1206B82CA0037589D /* TemplateTableViewCell.m in Sources */ = {isa = PBXBuildFile; fileRef = 84010AB0206B82CA0037589D /* TemplateTableViewCell.m */; };
		84DA4092206ADB0C009950E4 /* AppDelegate.m in Sources */ = {isa = PBXBuildFile; fileRef = 84DA4091206ADB0C009950E4 /* AppDelegate.m */; };
		84DA4098206ADB0C009950E4 /* Main.storyboard in Resources */ = {isa = PBXBuildFile; fileRef = 84DA4096206ADB0C009950E4 /* Main.storyboard */; };
		84DA409B206ADB0C009950E4 /* Steel.xcdatamodeld in Sources */ = {isa = PBXBuildFile; fileRef = 84DA4099206ADB0C009950E4 /* Steel.xcdatamodeld */; };
		84DA409D206ADB0C009950E4 /* Assets.xcassets in Resources */ = {isa = PBXBuildFile; fileRef = 84DA409C206ADB0C009950E4 /* Assets.xcassets */; };
		84DA40A0206ADB0C009950E4 /* LaunchScreen.storyboard in Resources */ = {isa = PBXBuildFile; fileRef = 84DA409E206ADB0C009950E4 /* LaunchScreen.storyboard */; };
		84DA40A3206ADB0C009950E4 /* main.m in Sources */ = {isa = PBXBuildFile; fileRef = 84DA40A2206ADB0C009950E4 /* main.m */; };
		84DA40AD206ADB0C009950E4 /* SteelTests.m in Sources */ = {isa = PBXBuildFile; fileRef = 84DA40AC206ADB0C009950E4 /* SteelTests.m */; };
		84DA40B8206ADB0C009950E4 /* SteelUITests.m in Sources */ = {isa = PBXBuildFile; fileRef = 84DA40B7206ADB0C009950E4 /* SteelUITests.m */; };
		84DA40C7206ADC04009950E4 /* HomeViewController.m in Sources */ = {isa = PBXBuildFile; fileRef = 84DA40C5206ADC04009950E4 /* HomeViewController.m */; };
/* End PBXBuildFile section */

/* Begin PBXContainerItemProxy section */
		84DA40A9206ADB0C009950E4 /* PBXContainerItemProxy */ = {
			isa = PBXContainerItemProxy;
			containerPortal = 84DA4085206ADB0C009950E4 /* Project object */;
			proxyType = 1;
			remoteGlobalIDString = 84DA408C206ADB0C009950E4;
			remoteInfo = Steel;
		};
		84DA40B4206ADB0C009950E4 /* PBXContainerItemProxy */ = {
			isa = PBXContainerItemProxy;
			containerPortal = 84DA4085206ADB0C009950E4 /* Project object */;
			proxyType = 1;
			remoteGlobalIDString = 84DA408C206ADB0C009950E4;
			remoteInfo = Steel;
		};
/* End PBXContainerItemProxy section */

/* Begin PBXFileReference section */
		84010AA9206B774D0037589D /* TemplateViewController.h */ = {isa = PBXFileReference; lastKnownFileType = sourcecode.c.h; path = TemplateViewController.h; sourceTree = "<group>"; };
		84010AAA206B774D0037589D /* TemplateViewController.m */ = {isa = PBXFileReference; lastKnownFileType = sourcecode.c.objc; path = TemplateViewController.m; sourceTree = "<group>"; };
		84010AAF206B82CA0037589D /* TemplateTableViewCell.h */ = {isa = PBXFileReference; lastKnownFileType = sourcecode.c.h; path = TemplateTableViewCell.h; sourceTree = "<group>"; };
		84010AB0206B82CA0037589D /* TemplateTableViewCell.m */ = {isa = PBXFileReference; lastKnownFileType = sourcecode.c.objc; path = TemplateTableViewCell.m; sourceTree = "<group>"; };
		84DA408D206ADB0C009950E4 /* Steel.app */ = {isa = PBXFileReference; explicitFileType = wrapper.application; includeInIndex = 0; path = Steel.app; sourceTree = BUILT_PRODUCTS_DIR; };
		84DA4090206ADB0C009950E4 /* AppDelegate.h */ = {isa = PBXFileReference; lastKnownFileType = sourcecode.c.h; path = AppDelegate.h; sourceTree = "<group>"; };
		84DA4091206ADB0C009950E4 /* AppDelegate.m */ = {isa = PBXFileReference; lastKnownFileType = sourcecode.c.objc; path = AppDelegate.m; sourceTree = "<group>"; };
		84DA4097206ADB0C009950E4 /* Base */ = {isa = PBXFileReference; lastKnownFileType = file.storyboard; name = Base; path = Base.lproj/Main.storyboard; sourceTree = "<group>"; };
		84DA409A206ADB0C009950E4 /* Steel.xcdatamodel */ = {isa = PBXFileReference; lastKnownFileType = wrapper.xcdatamodel; path = Steel.xcdatamodel; sourceTree = "<group>"; };
		84DA409C206ADB0C009950E4 /* Assets.xcassets */ = {isa = PBXFileReference; lastKnownFileType = folder.assetcatalog; path = Assets.xcassets; sourceTree = "<group>"; };
		84DA409F206ADB0C009950E4 /* Base */ = {isa = PBXFileReference; lastKnownFileType = file.storyboard; name = Base; path = Base.lproj/LaunchScreen.storyboard; sourceTree = "<group>"; };
		84DA40A1206ADB0C009950E4 /* Info.plist */ = {isa = PBXFileReference; lastKnownFileType = text.plist.xml; path = Info.plist; sourceTree = "<group>"; };
		84DA40A2206ADB0C009950E4 /* main.m */ = {isa = PBXFileReference; lastKnownFileType = sourcecode.c.objc; path = main.m; sourceTree = "<group>"; };
		84DA40A8206ADB0C009950E4 /* SteelTests.xctest */ = {isa = PBXFileReference; explicitFileType = wrapper.cfbundle; includeInIndex = 0; path = SteelTests.xctest; sourceTree = BUILT_PRODUCTS_DIR; };
		84DA40AC206ADB0C009950E4 /* SteelTests.m */ = {isa = PBXFileReference; lastKnownFileType = sourcecode.c.objc; path = SteelTests.m; sourceTree = "<group>"; };
		84DA40AE206ADB0C009950E4 /* Info.plist */ = {isa = PBXFileReference; lastKnownFileType = text.plist.xml; path = Info.plist; sourceTree = "<group>"; };
		84DA40B3206ADB0C009950E4 /* SteelUITests.xctest */ = {isa = PBXFileReference; explicitFileType = wrapper.cfbundle; includeInIndex = 0; path = SteelUITests.xctest; sourceTree = BUILT_PRODUCTS_DIR; };
		84DA40B7206ADB0C009950E4 /* SteelUITests.m */ = {isa = PBXFileReference; lastKnownFileType = sourcecode.c.objc; path = SteelUITests.m; sourceTree = "<group>"; };
		84DA40B9206ADB0C009950E4 /* Info.plist */ = {isa = PBXFileReference; lastKnownFileType = text.plist.xml; path = Info.plist; sourceTree = "<group>"; };
		84DA40C5206ADC04009950E4 /* HomeViewController.m */ = {isa = PBXFileReference; fileEncoding = 4; lastKnownFileType = sourcecode.c.objc; path = HomeViewController.m; sourceTree = "<group>"; };
		84DA40C6206ADC04009950E4 /* HomeViewController.h */ = {isa = PBXFileReference; fileEncoding = 4; lastKnownFileType = sourcecode.c.h; path = HomeViewController.h; sourceTree = "<group>"; };
/* End PBXFileReference section */

/* Begin PBXFrameworksBuildPhase section */
		84DA408A206ADB0C009950E4 /* Frameworks */ = {
			isa = PBXFrameworksBuildPhase;
			buildActionMask = 2147483647;
			files = (
			);
			runOnlyForDeploymentPostprocessing = 0;
		};
		84DA40A5206ADB0C009950E4 /* Frameworks */ = {
			isa = PBXFrameworksBuildPhase;
			buildActionMask = 2147483647;
			files = (
			);
			runOnlyForDeploymentPostprocessing = 0;
		};
		84DA40B0206ADB0C009950E4 /* Frameworks */ = {
			isa = PBXFrameworksBuildPhase;
			buildActionMask = 2147483647;
			files = (
			);
			runOnlyForDeploymentPostprocessing = 0;
		};
/* End PBXFrameworksBuildPhase section */

/* Begin PBXGroup section */
		84DA4084206ADB0C009950E4 = {
			isa = PBXGroup;
			children = (
				84DA408F206ADB0C009950E4 /* Steel */,
				84DA40AB206ADB0C009950E4 /* SteelTests */,
				84DA40B6206ADB0C009950E4 /* SteelUITests */,
				84DA408E206ADB0C009950E4 /* Products */,
			);
			sourceTree = "<group>";
		};
		84DA408E206ADB0C009950E4 /* Products */ = {
			isa = PBXGroup;
			children = (
				84DA408D206ADB0C009950E4 /* Steel.app */,
				84DA40A8206ADB0C009950E4 /* SteelTests.xctest */,
				84DA40B3206ADB0C009950E4 /* SteelUITests.xctest */,
			);
			name = Products;
			sourceTree = "<group>";
		};
		84DA408F206ADB0C009950E4 /* Steel */ = {
			isa = PBXGroup;
			children = (
				84DA4090206ADB0C009950E4 /* AppDelegate.h */,
				84DA4091206ADB0C009950E4 /* AppDelegate.m */,
				84DA40C6206ADC04009950E4 /* HomeViewController.h */,
				84DA40C5206ADC04009950E4 /* HomeViewController.m */,
				84010AA9206B774D0037589D /* TemplateViewController.h */,
				84010AAA206B774D0037589D /* TemplateViewController.m */,
				84010AAF206B82CA0037589D /* TemplateTableViewCell.h */,
				84010AB0206B82CA0037589D /* TemplateTableViewCell.m */,
				84DA4096206ADB0C009950E4 /* Main.storyboard */,
				84DA409C206ADB0C009950E4 /* Assets.xcassets */,
				84DA409E206ADB0C009950E4 /* LaunchScreen.storyboard */,
				84DA40A1206ADB0C009950E4 /* Info.plist */,
				84DA40A2206ADB0C009950E4 /* main.m */,
				84DA4099206ADB0C009950E4 /* Steel.xcdatamodeld */,
			);
			path = Steel;
			sourceTree = "<group>";
		};
		84DA40AB206ADB0C009950E4 /* SteelTests */ = {
			isa = PBXGroup;
			children = (
				84DA40AC206ADB0C009950E4 /* SteelTests.m */,
				84DA40AE206ADB0C009950E4 /* Info.plist */,
			);
			path = SteelTests;
			sourceTree = "<group>";
		};
		84DA40B6206ADB0C009950E4 /* SteelUITests */ = {
			isa = PBXGroup;
			children = (
				84DA40B7206ADB0C009950E4 /* SteelUITests.m */,
				84DA40B9206ADB0C009950E4 /* Info.plist */,
			);
			path = SteelUITests;
			sourceTree = "<group>";
		};
/* End PBXGroup section */

/* Begin PBXNativeTarget section */
		84DA408C206ADB0C009950E4 /* Steel */ = {
			isa = PBXNativeTarget;
			buildConfigurationList = 84DA40BC206ADB0C009950E4 /* Build configuration list for PBXNativeTarget "Steel" */;
			buildPhases = (
				84DA4089206ADB0C009950E4 /* Sources */,
				84DA408A206ADB0C009950E4 /* Frameworks */,
				84DA408B206ADB0C009950E4 /* Resources */,
			);
			buildRules = (
			);
			dependencies = (
			);
			name = Steel;
			productName = Steel;
			productReference = 84DA408D206ADB0C009950E4 /* Steel.app */;
			productType = "com.apple.product-type.application";
		};
		84DA40A7206ADB0C009950E4 /* SteelTests */ = {
			isa = PBXNativeTarget;
			buildConfigurationList = 84DA40BF206ADB0C009950E4 /* Build configuration list for PBXNativeTarget "SteelTests" */;
			buildPhases = (
				84DA40A4206ADB0C009950E4 /* Sources */,
				84DA40A5206ADB0C009950E4 /* Frameworks */,
				84DA40A6206ADB0C009950E4 /* Resources */,
			);
			buildRules = (
			);
			dependencies = (
				84DA40AA206ADB0C009950E4 /* PBXTargetDependency */,
			);
			name = SteelTests;
			productName = SteelTests;
			productReference = 84DA40A8206ADB0C009950E4 /* SteelTests.xctest */;
			productType = "com.apple.product-type.bundle.unit-test";
		};
		84DA40B2206ADB0C009950E4 /* SteelUITests */ = {
			isa = PBXNativeTarget;
			buildConfigurationList = 84DA40C2206ADB0C009950E4 /* Build configuration list for PBXNativeTarget "SteelUITests" */;
			buildPhases = (
				84DA40AF206ADB0C009950E4 /* Sources */,
				84DA40B0206ADB0C009950E4 /* Frameworks */,
				84DA40B1206ADB0C009950E4 /* Resources */,
			);
			buildRules = (
			);
			dependencies = (
				84DA40B5206ADB0C009950E4 /* PBXTargetDependency */,
			);
			name = SteelUITests;
			productName = SteelUITests;
			productReference = 84DA40B3206ADB0C009950E4 /* SteelUITests.xctest */;
			productType = "com.apple.product-type.bundle.ui-testing";
		};
/* End PBXNativeTarget section */

/* Begin PBXProject section */
		84DA4085206ADB0C009950E4 /* Project object */ = {
			isa = PBXProject;
			attributes = {
				LastUpgradeCheck = 0920;
				ORGANIZATIONNAME = Admin;
				TargetAttributes = {
					84DA408C206ADB0C009950E4 = {
						CreatedOnToolsVersion = 9.2;
						ProvisioningStyle = Automatic;
					};
					84DA40A7206ADB0C009950E4 = {
						CreatedOnToolsVersion = 9.2;
						ProvisioningStyle = Automatic;
						TestTargetID = 84DA408C206ADB0C009950E4;
					};
					84DA40B2206ADB0C009950E4 = {
						CreatedOnToolsVersion = 9.2;
						ProvisioningStyle = Automatic;
						TestTargetID = 84DA408C206ADB0C009950E4;
					};
				};
			};
			buildConfigurationList = 84DA4088206ADB0C009950E4 /* Build configuration list for PBXProject "Steel" */;
			compatibilityVersion = "Xcode 8.0";
			developmentRegion = en;
			hasScannedForEncodings = 0;
			knownRegions = (
				en,
				Base,
			);
			mainGroup = 84DA4084206ADB0C009950E4;
			productRefGroup = 84DA408E206ADB0C009950E4 /* Products */;
			projectDirPath = "";
			projectRoot = "";
			targets = (
				84DA408C206ADB0C009950E4 /* Steel */,
				84DA40A7206ADB0C009950E4 /* SteelTests */,
				84DA40B2206ADB0C009950E4 /* SteelUITests */,
			);
		};
/* End PBXProject section */

/* Begin PBXResourcesBuildPhase section */
		84DA408B206ADB0C009950E4 /* Resources */ = {
			isa = PBXResourcesBuildPhase;
			buildActionMask = 2147483647;
			files = (
				84DA40A0206ADB0C009950E4 /* LaunchScreen.storyboard in Resources */,
				84DA409D206ADB0C009950E4 /* Assets.xcassets in Resources */,
				84DA4098206ADB0C009950E4 /* Main.storyboard in Resources */,
			);
			runOnlyForDeploymentPostprocessing = 0;
		};
		84DA40A6206ADB0C009950E4 /* Resources */ = {
			isa = PBXResourcesBuildPhase;
			buildActionMask = 2147483647;
			files = (
			);
			runOnlyForDeploymentPostprocessing = 0;
		};
		84DA40B1206ADB0C009950E4 /* Resources */ = {
			isa = PBXResourcesBuildPhase;
			buildActionMask = 2147483647;
			files = (
			);
			runOnlyForDeploymentPostprocessing = 0;
		};
/* End PBXResourcesBuildPhase section */

/* Begin PBXSourcesBuildPhase section */
		84DA4089206ADB0C009950E4 /* Sources */ = {
			isa = PBXSourcesBuildPhase;
			buildActionMask = 2147483647;
			files = (
				84010AAB206B774D0037589D /* TemplateViewController.m in Sources */,
				84010AB1206B82CA0037589D /* TemplateTableViewCell.m in Sources */,
				84DA4092206ADB0C009950E4 /* AppDelegate.m in Sources */,
				84DA40A3206ADB0C009950E4 /* main.m in Sources */,
				84DA409B206ADB0C009950E4 /* Steel.xcdatamodeld in Sources */,
				84DA40C7206ADC04009950E4 /* HomeViewController.m in Sources */,
			);
			runOnlyForDeploymentPostprocessing = 0;
		};
		84DA40A4206ADB0C009950E4 /* Sources */ = {
			isa = PBXSourcesBuildPhase;
			buildActionMask = 2147483647;
			files = (
				84DA40AD206ADB0C009950E4 /* SteelTests.m in Sources */,
			);
			runOnlyForDeploymentPostprocessing = 0;
		};
		84DA40AF206ADB0C009950E4 /* Sources */ = {
			isa = PBXSourcesBuildPhase;
			buildActionMask = 2147483647;
			files = (
				84DA40B8206ADB0C009950E4 /* SteelUITests.m in Sources */,
			);
			runOnlyForDeploymentPostprocessing = 0;
		};
/* End PBXSourcesBuildPhase section */

/* Begin PBXTargetDependency section */
		84DA40AA206ADB0C009950E4 /* PBXTargetDependency */ = {
			isa = PBXTargetDependency;
			target = 84DA408C206ADB0C009950E4 /* Steel */;
			targetProxy = 84DA40A9206ADB0C009950E4 /* PBXContainerItemProxy */;
		};
		84DA40B5206ADB0C009950E4 /* PBXTargetDependency */ = {
			isa = PBXTargetDependency;
			target = 84DA408C206ADB0C009950E4 /* Steel */;
			targetProxy = 84DA40B4206ADB0C009950E4 /* PBXContainerItemProxy */;
		};
/* End PBXTargetDependency section */

/* Begin PBXVariantGroup section */
		84DA4096206ADB0C009950E4 /* Main.storyboard */ = {
			isa = PBXVariantGroup;
			children = (
				84DA4097206ADB0C009950E4 /* Base */,
			);
			name = Main.storyboard;
			sourceTree = "<group>";
		};
		84DA409E206ADB0C009950E4 /* LaunchScreen.storyboard */ = {
			isa = PBXVariantGroup;
			children = (
				84DA409F206ADB0C009950E4 /* Base */,
			);
			name = LaunchScreen.storyboard;
			sourceTree = "<group>";
		};
/* End PBXVariantGroup section */

/* Begin XCBuildConfiguration section */
		84DA40BA206ADB0C009950E4 /* Debug */ = {
			isa = XCBuildConfiguration;
			buildSettings = {
				ALWAYS_SEARCH_USER_PATHS = NO;
				CLANG_ANALYZER_NONNULL = YES;
				CLANG_ANALYZER_NUMBER_OBJECT_CONVERSION = YES_AGGRESSIVE;
				CLANG_CXX_LANGUAGE_STANDARD = "gnu++14";
				CLANG_CXX_LIBRARY = "libc++";
				CLANG_ENABLE_MODULES = YES;
				CLANG_ENABLE_OBJC_ARC = YES;
				CLANG_WARN_BLOCK_CAPTURE_AUTORELEASING = YES;
				CLANG_WARN_BOOL_CONVERSION = YES;
				CLANG_WARN_COMMA = YES;
				CLANG_WARN_CONSTANT_CONVERSION = YES;
				CLANG_WARN_DIRECT_OBJC_ISA_USAGE = YES_ERROR;
				CLANG_WARN_DOCUMENTATION_COMMENTS = YES;
				CLANG_WARN_EMPTY_BODY = YES;
				CLANG_WARN_ENUM_CONVERSION = YES;
				CLANG_WARN_INFINITE_RECURSION = YES;
				CLANG_WARN_INT_CONVERSION = YES;
				CLANG_WARN_NON_LITERAL_NULL_CONVERSION = YES;
				CLANG_WARN_OBJC_LITERAL_CONVERSION = YES;
				CLANG_WARN_OBJC_ROOT_CLASS = YES_ERROR;
				CLANG_WARN_RANGE_LOOP_ANALYSIS = YES;
				CLANG_WARN_STRICT_PROTOTYPES = YES;
				CLANG_WARN_SUSPICIOUS_MOVE = YES;
				CLANG_WARN_UNGUARDED_AVAILABILITY = YES_AGGRESSIVE;
				CLANG_WARN_UNREACHABLE_CODE = YES;
				CLANG_WARN__DUPLICATE_METHOD_MATCH = YES;
				CODE_SIGN_IDENTITY = "iPhone Developer";
				COPY_PHASE_STRIP = NO;
				DEBUG_INFORMATION_FORMAT = dwarf;
				ENABLE_STRICT_OBJC_MSGSEND = YES;
				ENABLE_TESTABILITY = YES;
				GCC_C_LANGUAGE_STANDARD = gnu11;
				GCC_DYNAMIC_NO_PIC = NO;
				GCC_NO_COMMON_BLOCKS = YES;
				GCC_OPTIMIZATION_LEVEL = 0;
				GCC_PREPROCESSOR_DEFINITIONS = (
					"DEBUG=1",
					"$(inherited)",
				);
				GCC_WARN_64_TO_32_BIT_CONVERSION = YES;
				GCC_WARN_ABOUT_RETURN_TYPE = YES_ERROR;
				GCC_WARN_UNDECLARED_SELECTOR = YES;
				GCC_WARN_UNINITIALIZED_AUTOS = YES_AGGRESSIVE;
				GCC_WARN_UNUSED_FUNCTION = YES;
				GCC_WARN_UNUSED_VARIABLE = YES;
				IPHONEOS_DEPLOYMENT_TARGET = 11.2;
				MTL_ENABLE_DEBUG_INFO = YES;
				ONLY_ACTIVE_ARCH = YES;
				SDKROOT = iphoneos;
			};
			name = Debug;
		};
		84DA40BB206ADB0C009950E4 /* Release */ = {
			isa = XCBuildConfiguration;
			buildSettings = {
				ALWAYS_SEARCH_USER_PATHS = NO;
				CLANG_ANALYZER_NONNULL = YES;
				CLANG_ANALYZER_NUMBER_OBJECT_CONVERSION = YES_AGGRESSIVE;
				CLANG_CXX_LANGUAGE_STANDARD = "gnu++14";
				CLANG_CXX_LIBRARY = "libc++";
				CLANG_ENABLE_MODULES = YES;
				CLANG_ENABLE_OBJC_ARC = YES;
				CLANG_WARN_BLOCK_CAPTURE_AUTORELEASING = YES;
				CLANG_WARN_BOOL_CONVERSION = YES;
				CLANG_WARN_COMMA = YES;
				CLANG_WARN_CONSTANT_CONVERSION = YES;
				CLANG_WARN_DIRECT_OBJC_ISA_USAGE = YES_ERROR;
				CLANG_WARN_DOCUMENTATION_COMMENTS = YES;
				CLANG_WARN_EMPTY_BODY = YES;
				CLANG_WARN_ENUM_CONVERSION = YES;
				CLANG_WARN_INFINITE_RECURSION = YES;
				CLANG_WARN_INT_CONVERSION = YES;
				CLANG_WARN_NON_LITERAL_NULL_CONVERSION = YES;
				CLANG_WARN_OBJC_LITERAL_CONVERSION = YES;
				CLANG_WARN_OBJC_ROOT_CLASS = YES_ERROR;
				CLANG_WARN_RANGE_LOOP_ANALYSIS = YES;
				CLANG_WARN_STRICT_PROTOTYPES = YES;
				CLANG_WARN_SUSPICIOUS_MOVE = YES;
				CLANG_WARN_UNGUARDED_AVAILABILITY = YES_AGGRESSIVE;
				CLANG_WARN_UNREACHABLE_CODE = YES;
				CLANG_WARN__DUPLICATE_METHOD_MATCH = YES;
				CODE_SIGN_IDENTITY = "iPhone Developer";
				COPY_PHASE_STRIP = NO;
				DEBUG_INFORMATION_FORMAT = "dwarf-with-dsym";
				ENABLE_NS_ASSERTIONS = NO;
				ENABLE_STRICT_OBJC_MSGSEND = YES;
				GCC_C_LANGUAGE_STANDARD = gnu11;
				GCC_NO_COMMON_BLOCKS = YES;
				GCC_WARN_64_TO_32_BIT_CONVERSION = YES;
				GCC_WARN_ABOUT_RETURN_TYPE = YES_ERROR;
				GCC_WARN_UNDECLARED_SELECTOR = YES;
				GCC_WARN_UNINITIALIZED_AUTOS = YES_AGGRESSIVE;
				GCC_WARN_UNUSED_FUNCTION = YES;
				GCC_WARN_UNUSED_VARIABLE = YES;
				IPHONEOS_DEPLOYMENT_TARGET = 11.2;
				MTL_ENABLE_DEBUG_INFO = NO;
				SDKROOT = iphoneos;
				VALIDATE_PRODUCT = YES;
			};
			name = Release;
		};
		84DA40BD206ADB0C009950E4 /* Debug */ = {
			isa = XCBuildConfiguration;
			buildSettings = {
				ASSETCATALOG_COMPILER_APPICON_NAME = AppIcon;
				CODE_SIGN_STYLE = Automatic;
				INFOPLIST_FILE = Steel/Info.plist;
				LD_RUNPATH_SEARCH_PATHS = "$(inherited) @executable_path/Frameworks";
				PRODUCT_BUNDLE_IDENTIFIER = com.btg.Steel;
				PRODUCT_NAME = "$(TARGET_NAME)";
				TARGETED_DEVICE_FAMILY = "1,2";
			};
			name = Debug;
		};
		84DA40BE206ADB0C009950E4 /* Release */ = {
			isa = XCBuildConfiguration;
			buildSettings = {
				ASSETCATALOG_COMPILER_APPICON_NAME = AppIcon;
				CODE_SIGN_STYLE = Automatic;
				INFOPLIST_FILE = Steel/Info.plist;
				LD_RUNPATH_SEARCH_PATHS = "$(inherited) @executable_path/Frameworks";
				PRODUCT_BUNDLE_IDENTIFIER = com.btg.Steel;
				PRODUCT_NAME = "$(TARGET_NAME)";
				TARGETED_DEVICE_FAMILY = "1,2";
			};
			name = Release;
		};
		84DA40C0206ADB0C009950E4 /* Debug */ = {
			isa = XCBuildConfiguration;
			buildSettings = {
				BUNDLE_LOADER = "$(TEST_HOST)";
				CODE_SIGN_STYLE = Automatic;
				INFOPLIST_FILE = SteelTests/Info.plist;
				LD_RUNPATH_SEARCH_PATHS = "$(inherited) @executable_path/Frameworks @loader_path/Frameworks";
				PRODUCT_BUNDLE_IDENTIFIER = com.btg.SteelTests;
				PRODUCT_NAME = "$(TARGET_NAME)";
				TARGETED_DEVICE_FAMILY = "1,2";
				TEST_HOST = "$(BUILT_PRODUCTS_DIR)/Steel.app/Steel";
			};
			name = Debug;
		};
		84DA40C1206ADB0C009950E4 /* Release */ = {
			isa = XCBuildConfiguration;
			buildSettings = {
				BUNDLE_LOADER = "$(TEST_HOST)";
				CODE_SIGN_STYLE = Automatic;
				INFOPLIST_FILE = SteelTests/Info.plist;
				LD_RUNPATH_SEARCH_PATHS = "$(inherited) @executable_path/Frameworks @loader_path/Frameworks";
				PRODUCT_BUNDLE_IDENTIFIER = com.btg.SteelTests;
				PRODUCT_NAME = "$(TARGET_NAME)";
				TARGETED_DEVICE_FAMILY = "1,2";
				TEST_HOST = "$(BUILT_PRODUCTS_DIR)/Steel.app/Steel";
			};
			name = Release;
		};
		84DA40C3206ADB0C009950E4 /* Debug */ = {
			isa = XCBuildConfiguration;
			buildSettings = {
				CODE_SIGN_STYLE = Automatic;
				INFOPLIST_FILE = SteelUITests/Info.plist;
				LD_RUNPATH_SEARCH_PATHS = "$(inherited) @executable_path/Frameworks @loader_path/Frameworks";
				PRODUCT_BUNDLE_IDENTIFIER = com.btg.SteelUITests;
				PRODUCT_NAME = "$(TARGET_NAME)";
				TARGETED_DEVICE_FAMILY = "1,2";
				TEST_TARGET_NAME = Steel;
			};
			name = Debug;
		};
		84DA40C4206ADB0C009950E4 /* Release */ = {
			isa = XCBuildConfiguration;
			buildSettings = {
				CODE_SIGN_STYLE = Automatic;
				INFOPLIST_FILE = SteelUITests/Info.plist;
				LD_RUNPATH_SEARCH_PATHS = "$(inherited) @executable_path/Frameworks @loader_path/Frameworks";
				PRODUCT_BUNDLE_IDENTIFIER = com.btg.SteelUITests;
				PRODUCT_NAME = "$(TARGET_NAME)";
				TARGETED_DEVICE_FAMILY = "1,2";
				TEST_TARGET_NAME = Steel;
			};
			name = Release;
		};
/* End XCBuildConfiguration section */

/* Begin XCConfigurationList section */
		84DA4088206ADB0C009950E4 /* Build configuration list for PBXProject "Steel" */ = {
			isa = XCConfigurationList;
			buildConfigurations = (
				84DA40BA206ADB0C009950E4 /* Debug */,
				84DA40BB206ADB0C009950E4 /* Release */,
			);
			defaultConfigurationIsVisible = 0;
			defaultConfigurationName = Release;
		};
		84DA40BC206ADB0C009950E4 /* Build configuration list for PBXNativeTarget "Steel" */ = {
			isa = XCConfigurationList;
			buildConfigurations = (
				84DA40BD206ADB0C009950E4 /* Debug */,
				84DA40BE206ADB0C009950E4 /* Release */,
			);
			defaultConfigurationIsVisible = 0;
			defaultConfigurationName = Release;
		};
		84DA40BF206ADB0C009950E4 /* Build configuration list for PBXNativeTarget "SteelTests" */ = {
			isa = XCConfigurationList;
			buildConfigurations = (
				84DA40C0206ADB0C009950E4 /* Debug */,
				84DA40C1206ADB0C009950E4 /* Release */,
			);
			defaultConfigurationIsVisible = 0;
			defaultConfigurationName = Release;
		};
		84DA40C2206ADB0C009950E4 /* Build configuration list for PBXNativeTarget "SteelUITests" */ = {
			isa = XCConfigurationList;
			buildConfigurations = (
				84DA40C3206ADB0C009950E4 /* Debug */,
				84DA40C4206ADB0C009950E4 /* Release */,
			);
			defaultConfigurationIsVisible = 0;
			defaultConfigurationName = Release;
		};
/* End XCConfigurationList section */

/* Begin XCVersionGroup section */
		84DA4099206ADB0C009950E4 /* Steel.xcdatamodeld */ = {
			isa = XCVersionGroup;
			children = (
				84DA409A206ADB0C009950E4 /* Steel.xcdatamodel */,
			);
			currentVersion = 84DA409A206ADB0C009950E4 /* Steel.xcdatamodel */;
			path = Steel.xcdatamodeld;
			sourceTree = "<group>";
			versionGroupType = wrapper.xcdatamodel;
		};
/* End XCVersionGroup section */
	};
	rootObject = 84DA4085206ADB0C009950E4 /* Project object */;
}
